
Microsoft Visual Studio Solution File, Format Version 12.00
# Visual Studio Version 17
Project("{2150E333-8FDC-42A3-9474-1A3956D46DE8}") = "CMakePredefinedTargets", "CMakePredefinedTargets", "{C1B5234A-50BA-3BCF-A2B1-3B9E1ED27C24}"
EndProject
Project("{2150E333-8FDC-42A3-9474-1A3956D46DE8}") = "GLFW3", "GLFW3", "{F6A45567-BC53-3C3E-808C-E558BE515C5F}"
EndProject
Project("{8BC9CEB8-8B4A-11D0-8D11-00A0C91BC942}") = "ALL_BUILD", "ALL_BUILD.vcxproj", "{89C4D674-5693-3E94-AB7E-40E5E5785B1A}"
	ProjectSection(ProjectDependencies) = postProject
		{09BD790B-6E7A-3CEE-8D69-B7E1FFF0B8C9} = {09BD790B-6E7A-3CEE-8D69-B7E1FFF0B8C9}
		{656424B8-3AE8-37BF-8B81-D94C28042778} = {656424B8-3AE8-37BF-8B81-D94C28042778}
	EndProjectSection
EndProject
Project("{8BC9CEB8-8B4A-11D0-8D11-00A0C91BC942}") = "INSTALL", "INSTALL.vcxproj", "{138FEEFB-5296-3693-9A7A-36CD594870A3}"
	ProjectSection(ProjectDependencies) = postProject
		{89C4D674-5693-3E94-AB7E-40E5E5785B1A} = {89C4D674-5693-3E94-AB7E-40E5E5785B1A}
		{09BD790B-6E7A-3CEE-8D69-B7E1FFF0B8C9} = {09BD790B-6E7A-3CEE-8D69-B7E1FFF0B8C9}
	EndProjectSection
EndProject
Project("{8BC9CEB8-8B4A-11D0-8D11-00A0C91BC942}") = "ZERO_CHECK", "..\\ZERO_CHECK.vcxproj", "{09BD790B-6E7A-3CEE-8D69-B7E1FFF0B8C9}"
	ProjectSection(ProjectDependencies) = postProject
	EndProjectSection
EndProject
Project("{8BC9CEB8-8B4A-11D0-8D11-00A0C91BC942}") = "glfw", "src\glfw.vcxproj", "{656424B8-3AE8-37BF-8B81-D94C28042778}"
	ProjectSection(ProjectDependencies) = postProject
		{09BD790B-6E7A-3CEE-8D69-B7E1FFF0B8C9} = {09BD790B-6E7A-3CEE-8D69-B7E1FFF0B8C9}
	EndProjectSection
EndProject
Project("{8BC9CEB8-8B4A-11D0-8D11-00A0C91BC942}") = "uninstall", "uninstall.vcxproj", "{C0F3546C-2278-3A73-B71C-CF98D83510AB}"
	ProjectSection(ProjectDependencies) = postProject
		{09BD790B-6E7A-3CEE-8D69-B7E1FFF0B8C9} = {09BD790B-6E7A-3CEE-8D69-B7E1FFF0B8C9}
	EndProjectSection
EndProject
Project("{8BC9CEB8-8B4A-11D0-8D11-00A0C91BC942}") = "update_mappings", "src\update_mappings.vcxproj", "{137A79F0-4436-3C62-A1BC-4D1DC57FAAB3}"
	ProjectSection(ProjectDependencies) = postProject
		{09BD790B-6E7A-3CEE-8D69-B7E1FFF0B8C9} = {09BD790B-6E7A-3CEE-8D69-B7E1FFF0B8C9}
	EndProjectSection
EndProject
Global
	GlobalSection(SolutionConfigurationPlatforms) = preSolution
		Debug|x64 = Debug|x64
		Release|x64 = Release|x64
		MinSizeRel|x64 = MinSizeRel|x64
		RelWithDebInfo|x64 = RelWithDebInfo|x64
	EndGlobalSection
	GlobalSection(ProjectConfigurationPlatforms) = postSolution
		{89C4D674-5693-3E94-AB7E-40E5E5785B1A}.Debug|x64.ActiveCfg = Debug|x64
		{89C4D674-5693-3E94-AB7E-40E5E5785B1A}.Debug|x64.Build.0 = Debug|x64
		{89C4D674-5693-3E94-AB7E-40E5E5785B1A}.Release|x64.ActiveCfg = Release|x64
		{89C4D674-5693-3E94-AB7E-40E5E5785B1A}.Release|x64.Build.0 = Release|x64
		{89C4D674-5693-3E94-AB7E-40E5E5785B1A}.MinSizeRel|x64.ActiveCfg = MinSizeRel|x64
		{89C4D674-5693-3E94-AB7E-40E5E5785B1A}.MinSizeRel|x64.Build.0 = MinSizeRel|x64
		{89C4D674-5693-3E94-AB7E-40E5E5785B1A}.RelWithDebInfo|x64.ActiveCfg = RelWithDebInfo|x64
		{89C4D674-5693-3E94-AB7E-40E5E5785B1A}.RelWithDebInfo|x64.Build.0 = RelWithDebInfo|x64
		{138FEEFB-5296-3693-9A7A-36CD594870A3}.Debug|x64.ActiveCfg = Debug|x64
		{138FEEFB-5296-3693-9A7A-36CD594870A3}.Release|x64.ActiveCfg = Release|x64
		{138FEEFB-5296-3693-9A7A-36CD594870A3}.MinSizeRel|x64.ActiveCfg = MinSizeRel|x64
		{138FEEFB-5296-3693-9A7A-36CD594870A3}.RelWithDebInfo|x64.ActiveCfg = RelWithDebInfo|x64
		{09BD790B-6E7A-3CEE-8D69-B7E1FFF0B8C9}.Debug|x64.ActiveCfg = Debug|x64
		{09BD790B-6E7A-3CEE-8D69-B7E1FFF0B8C9}.Debug|x64.Build.0 = Debug|x64
		{09BD790B-6E7A-3CEE-8D69-B7E1FFF0B8C9}.Release|x64.ActiveCfg = Release|x64
		{09BD790B-6E7A-3CEE-8D69-B7E1FFF0B8C9}.Release|x64.Build.0 = Release|x64
		{09BD790B-6E7A-3CEE-8D69-B7E1FFF0B8C9}.MinSizeRel|x64.ActiveCfg = MinSizeRel|x64
		{09BD790B-6E7A-3CEE-8D69-B7E1FFF0B8C9}.MinSizeRel|x64.Build.0 = MinSizeRel|x64
		{09BD790B-6E7A-3CEE-8D69-B7E1FFF0B8C9}.RelWithDebInfo|x64.ActiveCfg = RelWithDebInfo|x64
		{09BD790B-6E7A-3CEE-8D69-B7E1FFF0B8C9}.RelWithDebInfo|x64.Build.0 = RelWithDebInfo|x64
		{656424B8-3AE8-37BF-8B81-D94C28042778}.Debug|x64.ActiveCfg = Debug|x64
		{656424B8-3AE8-37BF-8B81-D94C28042778}.Debug|x64.Build.0 = Debug|x64
		{656424B8-3AE8-37BF-8B81-D94C28042778}.Release|x64.ActiveCfg = Release|x64
		{656424B8-3AE8-37BF-8B81-D94C28042778}.Release|x64.Build.0 = Release|x64
		{656424B8-3AE8-37BF-8B81-D94C28042778}.MinSizeRel|x64.ActiveCfg = MinSizeRel|x64
		{656424B8-3AE8-37BF-8B81-D94C28042778}.MinSizeRel|x64.Build.0 = MinSizeRel|x64
		{656424B8-3AE8-37BF-8B81-D94C28042778}.RelWithDebInfo|x64.ActiveCfg = RelWithDebInfo|x64
		{656424B8-3AE8-37BF-8B81-D94C28042778}.RelWithDebInfo|x64.Build.0 = RelWithDebInfo|x64
		{C0F3546C-2278-3A73-B71C-CF98D83510AB}.Debug|x64.ActiveCfg = Debug|x64
		{C0F3546C-2278-3A73-B71C-CF98D83510AB}.Release|x64.ActiveCfg = Release|x64
		{C0F3546C-2278-3A73-B71C-CF98D83510AB}.MinSizeRel|x64.ActiveCfg = MinSizeRel|x64
		{C0F3546C-2278-3A73-B71C-CF98D83510AB}.RelWithDebInfo|x64.ActiveCfg = RelWithDebInfo|x64
		{137A79F0-4436-3C62-A1BC-4D1DC57FAAB3}.Debug|x64.ActiveCfg = Debug|x64
		{137A79F0-4436-3C62-A1BC-4D1DC57FAAB3}.Release|x64.ActiveCfg = Release|x64
		{137A79F0-4436-3C62-A1BC-4D1DC57FAAB3}.MinSizeRel|x64.ActiveCfg = MinSizeRel|x64
		{137A79F0-4436-3C62-A1BC-4D1DC57FAAB3}.RelWithDebInfo|x64.ActiveCfg = RelWithDebInfo|x64
	EndGlobalSection
	GlobalSection(NestedProjects) = preSolution
		{89C4D674-5693-3E94-AB7E-40E5E5785B1A} = {C1B5234A-50BA-3BCF-A2B1-3B9E1ED27C24}
		{138FEEFB-5296-3693-9A7A-36CD594870A3} = {C1B5234A-50BA-3BCF-A2B1-3B9E1ED27C24}
		{09BD790B-6E7A-3CEE-8D69-B7E1FFF0B8C9} = {C1B5234A-50BA-3BCF-A2B1-3B9E1ED27C24}
		{656424B8-3AE8-37BF-8B81-D94C28042778} = {F6A45567-BC53-3C3E-808C-E558BE515C5F}
		{C0F3546C-2278-3A73-B71C-CF98D83510AB} = {F6A45567-BC53-3C3E-808C-E558BE515C5F}
		{137A79F0-4436-3C62-A1BC-4D1DC57FAAB3} = {F6A45567-BC53-3C3E-808C-E558BE515C5F}
	EndGlobalSection
	GlobalSection(ExtensibilityGlobals) = postSolution
		SolutionGuid = {D2E0B404-6B48-309F-B36C-42E98F83B442}
	EndGlobalSection
	GlobalSection(ExtensibilityAddIns) = postSolution
	EndGlobalSection
EndGlobal
